
Microsoft Visual Studio Solution File, Format Version 12.00
# Visual Studio Version 17
VisualStudioVersion = 17.1.31911.260
MinimumVisualStudioVersion = 10.0.40219.1
Project("{9A19103F-16F7-4668-BE54-9A1E7A4F7556}") = "Gridcoin.WebApi", "Gridcoin.WebApi\Gridcoin.WebApi.csproj", "{73C4C657-844B-4D52-B7E3-A5C84E62B105}"
EndProject
Project("{2150E333-8FDC-42A3-9474-1A3956D46DE8}") = "Solution Items", "Solution Items", "{12E9E7B3-442B-41C8-B5F3-5336CAB7EED8}"
	ProjectSection(SolutionItems) = preProject
		.dockerignore = .dockerignore
		.editorconfig = .editorconfig
		.gitignore = .gitignore
		Dockerfile = Dockerfile
		GrcNode.Dockerfile = GrcNode.Dockerfile
		LICENSE = LICENSE
	EndProjectSection
EndProject
Global
	GlobalSection(SolutionConfigurationPlatforms) = preSolution
		Debug|Any CPU = Debug|Any CPU
		Release|Any CPU = Release|Any CPU
	EndGlobalSection
	GlobalSection(ProjectConfigurationPlatforms) = postSolution
		{73C4C657-844B-4D52-B7E3-A5C84E62B105}.Debug|Any CPU.ActiveCfg = Debug|Any CPU
		{73C4C657-844B-4D52-B7E3-A5C84E62B105}.Debug|Any CPU.Build.0 = Debug|Any CPU
		{73C4C657-844B-4D52-B7E3-A5C84E62B105}.Release|Any CPU.ActiveCfg = Release|Any CPU
		{73C4C657-844B-4D52-B7E3-A5C84E62B105}.Release|Any CPU.Build.0 = Release|Any CPU
	EndGlobalSection
	GlobalSection(SolutionProperties) = preSolution
		HideSolutionNode = FALSE
	EndGlobalSection
	GlobalSection(ExtensibilityGlobals) = postSolution
		SolutionGuid = {5733206B-73D5-4416-850E-FFE5FF54A406}
	EndGlobalSection
EndGlobal
